// !$*UTF8*$!
{
	archiveVersion = 1;
	classes = {
	};
	objectVersion = 46;
	objects = {

/* Begin PBXBuildFile section */
		1810B86A18F8C26E00C6920D /* KTObject.m in Sources */ = {isa = PBXBuildFile; fileRef = 1810B86918F8C26E00C6920D /* KTObject.m */; };
		184D9FB618D6C5B80056DF60 /* KTFoundations in Resources */ = {isa = PBXBuildFile; fileRef = 184D9FB518D6C5B80056DF60 /* KTFoundations */; };
		1854EE6F189D712D00C2F74A /* InfoPlist.strings in Resources */ = {isa = PBXBuildFile; fileRef = 1854EE6D189D712D00C2F74A /* InfoPlist.strings */; };
		1854EE71189D712D00C2F74A /* main.m in Sources */ = {isa = PBXBuildFile; fileRef = 1854EE70189D712D00C2F74A /* main.m */; };
		1854EE75189D712D00C2F74A /* KBAppDelegate.m in Sources */ = {isa = PBXBuildFile; fileRef = 1854EE74189D712D00C2F74A /* KBAppDelegate.m */; };
		1854EE78189D712D00C2F74A /* Main_iPhone.storyboard in Resources */ = {isa = PBXBuildFile; fileRef = 1854EE76189D712D00C2F74A /* Main_iPhone.storyboard */; };
		1854EE7B189D712D00C2F74A /* Main_iPad.storyboard in Resources */ = {isa = PBXBuildFile; fileRef = 1854EE79189D712D00C2F74A /* Main_iPad.storyboard */; };
		1854EE7E189D712D00C2F74A /* KBViewController.m in Sources */ = {isa = PBXBuildFile; fileRef = 1854EE7D189D712D00C2F74A /* KBViewController.m */; };
		1854EE80189D712D00C2F74A /* Images.xcassets in Resources */ = {isa = PBXBuildFile; fileRef = 1854EE7F189D712D00C2F74A /* Images.xcassets */; };
		1854EE87189D712D00C2F74A /* XCTest.framework in Frameworks */ = {isa = PBXBuildFile; fileRef = 1854EE86189D712D00C2F74A /* XCTest.framework */; };
		1854EE88189D712D00C2F74A /* Foundation.framework in Frameworks */ = {isa = PBXBuildFile; fileRef = 1854EE64189D712D00C2F74A /* Foundation.framework */; };
		1854EE89189D712D00C2F74A /* UIKit.framework in Frameworks */ = {isa = PBXBuildFile; fileRef = 1854EE68189D712D00C2F74A /* UIKit.framework */; };
		1854EE91189D712D00C2F74A /* InfoPlist.strings in Resources */ = {isa = PBXBuildFile; fileRef = 1854EE8F189D712D00C2F74A /* InfoPlist.strings */; };
		1854EE93189D712D00C2F74A /* KibbleTests.m in Sources */ = {isa = PBXBuildFile; fileRef = 1854EE92189D712D00C2F74A /* KibbleTests.m */; };
		1854EEB5189D717E00C2F74A /* UIAlertViewBlock.m in Sources */ = {isa = PBXBuildFile; fileRef = 1854EE9D189D717D00C2F74A /* UIAlertViewBlock.m */; };
		1854EEB6189D717E00C2F74A /* AudioWrapper.m in Sources */ = {isa = PBXBuildFile; fileRef = 1854EE9F189D717D00C2F74A /* AudioWrapper.m */; };
		1854EEB7189D717E00C2F74A /* SoundBank.m in Sources */ = {isa = PBXBuildFile; fileRef = 1854EEA3189D717D00C2F74A /* SoundBank.m */; };
		1854EEB8189D717E00C2F74A /* SoundBankSpeachSample.m in Sources */ = {isa = PBXBuildFile; fileRef = 1854EEA5189D717D00C2F74A /* SoundBankSpeachSample.m */; };
		1854EEB9189D717E00C2F74A /* Speak.m in Sources */ = {isa = PBXBuildFile; fileRef = 1854EEA7189D717D00C2F74A /* Speak.m */; };
		1854EEBA189D717E00C2F74A /* Narrator.m in Sources */ = {isa = PBXBuildFile; fileRef = 1854EEA9189D717D00C2F74A /* Narrator.m */; };
		1854EEBB189D717E00C2F74A /* BackEnd.m in Sources */ = {isa = PBXBuildFile; fileRef = 1854EEAB189D717D00C2F74A /* BackEnd.m */; };
		1854EEBC189D717E00C2F74A /* Install.m in Sources */ = {isa = PBXBuildFile; fileRef = 1854EEAD189D717D00C2F74A /* Install.m */; };
		1854EEBD189D717E00C2F74A /* Reachability.m in Sources */ = {isa = PBXBuildFile; fileRef = 1854EEAF189D717E00C2F74A /* Reachability.m */; };
		1854EEBE189D717E00C2F74A /* Local.m in Sources */ = {isa = PBXBuildFile; fileRef = 1854EEB1189D717E00C2F74A /* Local.m */; };
		1854EEBF189D717E00C2F74A /* Localizable.strings in Resources */ = {isa = PBXBuildFile; fileRef = 1854EEB2189D717E00C2F74A /* Localizable.strings */; };
		1854EEC0189D717E00C2F74A /* User.m in Sources */ = {isa = PBXBuildFile; fileRef = 1854EEB4189D717E00C2F74A /* User.m */; };
		1854EEC6189D724B00C2F74A /* SCElementViewController.m in Sources */ = {isa = PBXBuildFile; fileRef = 1854EEC5189D724B00C2F74A /* SCElementViewController.m */; };
		1854EECA189D726D00C2F74A /* SCElement.m in Sources */ = {isa = PBXBuildFile; fileRef = 1854EEC9189D726D00C2F74A /* SCElement.m */; };
		1854EECD189D754100C2F74A /* SCDatabase.m in Sources */ = {isa = PBXBuildFile; fileRef = 1854EECC189D754100C2F74A /* SCDatabase.m */; };
		1854EED8189D754D00C2F74A /* SCPage.m in Sources */ = {isa = PBXBuildFile; fileRef = 1854EECF189D754D00C2F74A /* SCPage.m */; };
		1854EED9189D754D00C2F74A /* SCTest.m in Sources */ = {isa = PBXBuildFile; fileRef = 1854EED1189D754D00C2F74A /* SCTest.m */; };
		1854EEDA189D754D00C2F74A /* SCBattery.m in Sources */ = {isa = PBXBuildFile; fileRef = 1854EED3189D754D00C2F74A /* SCBattery.m */; };
		1854EEDB189D754D00C2F74A /* SCScore.m in Sources */ = {isa = PBXBuildFile; fileRef = 1854EED5189D754D00C2F74A /* SCScore.m */; };
		1854EEDC189D754D00C2F74A /* SCAssessment.m in Sources */ = {isa = PBXBuildFile; fileRef = 1854EED7189D754D00C2F74A /* SCAssessment.m */; };
		1854EEDE189D762F00C2F74A /* Parse.framework in Frameworks */ = {isa = PBXBuildFile; fileRef = 1854EEDD189D762F00C2F74A /* Parse.framework */; };
		1854EEE0189D763A00C2F74A /* SDWebImage.framework in Frameworks */ = {isa = PBXBuildFile; fileRef = 1854EEDF189D763A00C2F74A /* SDWebImage.framework */; };
		1854EEE3189D778500C2F74A /* KBRapidTestViewController.m in Sources */ = {isa = PBXBuildFile; fileRef = 1854EEE2189D778500C2F74A /* KBRapidTestViewController.m */; };
		1854EEE6189DA68900C2F74A /* KibbleType.m in Sources */ = {isa = PBXBuildFile; fileRef = 1854EEE5189DA68900C2F74A /* KibbleType.m */; };
		1854EEE9189DA6F000C2F74A /* Kibble.m in Sources */ = {isa = PBXBuildFile; fileRef = 1854EEE8189DA6F000C2F74A /* Kibble.m */; };
		1854EEEC189DBA1C00C2F74A /* KBDatabase.m in Sources */ = {isa = PBXBuildFile; fileRef = 1854EEEB189DBA1C00C2F74A /* KBDatabase.m */; };
		1868040A18D820F500B75D86 /* SensibleTableView.framework in Frameworks */ = {isa = PBXBuildFile; fileRef = 1868040918D820F500B75D86 /* SensibleTableView.framework */; };
		1868041318D826DB00B75D86 /* iPadDetailViewController.m in Sources */ = {isa = PBXBuildFile; fileRef = 1868041218D826DB00B75D86 /* iPadDetailViewController.m */; };
		1868041618D8272E00B75D86 /* RootViewController.m in Sources */ = {isa = PBXBuildFile; fileRef = 1868041518D8272E00B75D86 /* RootViewController.m */; };
		186FAF2818BC14C80074BA09 /* libSuperDBCore.a in Frameworks */ = {isa = PBXBuildFile; fileRef = 186FAF2318BC14A80074BA09 /* libSuperDBCore.a */; };
		188046B918E346840088094B /* KTInterface.m in Sources */ = {isa = PBXBuildFile; fileRef = 188046B818E346840088094B /* KTInterface.m */; };
		188046C218EA885B0088094B /* KEMessageEditorVC.m in Sources */ = {isa = PBXBuildFile; fileRef = 188046C118EA885B0088094B /* KEMessageEditorVC.m */; };
		188046C518EB2F7D0088094B /* KEPickFromSet.m in Sources */ = {isa = PBXBuildFile; fileRef = 188046C418EB2F7D0088094B /* KEPickFromSet.m */; };
		188046C818EB6BCF0088094B /* KBEditorObject.m in Sources */ = {isa = PBXBuildFile; fileRef = 188046C718EB6BCF0088094B /* KBEditorObject.m */; };
		188FBE1418ED1F410054AE0E /* KTMessage.m in Sources */ = {isa = PBXBuildFile; fileRef = 188FBE1318ED1F410054AE0E /* KTMessage.m */; };
		1898C91618D5605D000E2AD2 /* KTClassRnD.m in Sources */ = {isa = PBXBuildFile; fileRef = 1898C91518D5605D000E2AD2 /* KTClassRnD.m */; };
		18CC492B18A48A720067D18A /* JSRnD.m in Sources */ = {isa = PBXBuildFile; fileRef = 18CC492A18A48A720067D18A /* JSRnD.m */; };
		18CC492E18A4B93D0067D18A /* JS.m in Sources */ = {isa = PBXBuildFile; fileRef = 18CC492D18A4B93D0067D18A /* JS.m */; };
		18CC493218A55CCD0067D18A /* VMObject.m in Sources */ = {isa = PBXBuildFile; fileRef = 18CC493118A55CCD0067D18A /* VMObject.m */; };
		18CC493518A55D180067D18A /* VMType.m in Sources */ = {isa = PBXBuildFile; fileRef = 18CC493418A55D180067D18A /* VMType.m */; };
		18CC493818A55D4F0067D18A /* VMInstance.m in Sources */ = {isa = PBXBuildFile; fileRef = 18CC493718A55D4F0067D18A /* VMInstance.m */; };
		18CC493B18A55D770067D18A /* VMTalk.m in Sources */ = {isa = PBXBuildFile; fileRef = 18CC493A18A55D770067D18A /* VMTalk.m */; };
		18CC493E18A5772F0067D18A /* KibbleVM.m in Sources */ = {isa = PBXBuildFile; fileRef = 18CC493D18A5772F0067D18A /* KibbleVM.m */; };
		18CC494118A5C7CC0067D18A /* VMKode.m in Sources */ = {isa = PBXBuildFile; fileRef = 18CC494018A5C7CC0067D18A /* VMKode.m */; };
		18CC494418A693B70067D18A /* VMTalkPhase.m in Sources */ = {isa = PBXBuildFile; fileRef = 18CC494318A693B70067D18A /* VMTalkPhase.m */; };
		18CC494718A6C44F0067D18A /* KETile.m in Sources */ = {isa = PBXBuildFile; fileRef = 18CC494618A6C44F0067D18A /* KETile.m */; };
		18CC494A18A6CDCE0067D18A /* KETileSystem.m in Sources */ = {isa = PBXBuildFile; fileRef = 18CC494918A6CDCE0067D18A /* KETileSystem.m */; };
		18D6F25518B52CDF00FCA279 /* KibbleV2.m in Sources */ = {isa = PBXBuildFile; fileRef = 18D6F25418B52CDF00FCA279 /* KibbleV2.m */; };
		18D7422418A1961B001F8586 /* MathHelper.m in Sources */ = {isa = PBXBuildFile; fileRef = 18D7422318A1961B001F8586 /* MathHelper.m */; };
		18D7422718A199E5001F8586 /* KibbleTalk.m in Sources */ = {isa = PBXBuildFile; fileRef = 18D7422618A199E5001F8586 /* KibbleTalk.m */; };
/* End PBXBuildFile section */

/* Begin PBXContainerItemProxy section */
		1854EE8A189D712D00C2F74A /* PBXContainerItemProxy */ = {
			isa = PBXContainerItemProxy;
			containerPortal = 1854EE59189D712D00C2F74A /* Project object */;
			proxyType = 1;
			remoteGlobalIDString = 1854EE60189D712D00C2F74A;
			remoteInfo = Kibble;
		};
		186FAF2218BC14A80074BA09 /* PBXContainerItemProxy */ = {
			isa = PBXContainerItemProxy;
			containerPortal = 186FAF1D18BC14A80074BA09 /* SuperDBCore.xcodeproj */;
			proxyType = 2;
			remoteGlobalIDString = CDF1AAA215A8D7760038EAB7;
			remoteInfo = SuperDBCore;
		};
		186FAF2418BC14A80074BA09 /* PBXContainerItemProxy */ = {
			isa = PBXContainerItemProxy;
			containerPortal = 186FAF1D18BC14A80074BA09 /* SuperDBCore.xcodeproj */;
			proxyType = 2;
			remoteGlobalIDString = CDF1AAC315A8D9C30038EAB7;
			remoteInfo = SuperDBCoreMac;
		};
		186FAF2618BC14BF0074BA09 /* PBXContainerItemProxy */ = {
			isa = PBXContainerItemProxy;
			containerPortal = 186FAF1D18BC14A80074BA09 /* SuperDBCore.xcodeproj */;
			proxyType = 1;
			remoteGlobalIDString = CDF1AAA115A8D7760038EAB7;
			remoteInfo = SuperDBCore;
		};
/* End PBXContainerItemProxy section */

/* Begin PBXFileReference section */
		1810B86818F8C26E00C6920D /* KTObject.h */ = {isa = PBXFileReference; fileEncoding = 4; lastKnownFileType = sourcecode.c.h; path = KTObject.h; sourceTree = "<group>"; };
		1810B86918F8C26E00C6920D /* KTObject.m */ = {isa = PBXFileReference; fileEncoding = 4; lastKnownFileType = sourcecode.c.objc; path = KTObject.m; sourceTree = "<group>"; };
		184D9FB518D6C5B80056DF60 /* KTFoundations */ = {isa = PBXFileReference; lastKnownFileType = folder; path = KTFoundations; sourceTree = "<group>"; };
		1854EE61189D712D00C2F74A /* Kibble.app */ = {isa = PBXFileReference; explicitFileType = wrapper.application; includeInIndex = 0; path = Kibble.app; sourceTree = BUILT_PRODUCTS_DIR; };
		1854EE64189D712D00C2F74A /* Foundation.framework */ = {isa = PBXFileReference; lastKnownFileType = wrapper.framework; name = Foundation.framework; path = System/Library/Frameworks/Foundation.framework; sourceTree = SDKROOT; };
		1854EE66189D712D00C2F74A /* CoreGraphics.framework */ = {isa = PBXFileReference; lastKnownFileType = wrapper.framework; name = CoreGraphics.framework; path = System/Library/Frameworks/CoreGraphics.framework; sourceTree = SDKROOT; };
		1854EE68189D712D00C2F74A /* UIKit.framework */ = {isa = PBXFileReference; lastKnownFileType = wrapper.framework; name = UIKit.framework; path = System/Library/Frameworks/UIKit.framework; sourceTree = SDKROOT; };
		1854EE6C189D712D00C2F74A /* Kibble-Info.plist */ = {isa = PBXFileReference; lastKnownFileType = text.plist.xml; path = "Kibble-Info.plist"; sourceTree = "<group>"; };
		1854EE6E189D712D00C2F74A /* en */ = {isa = PBXFileReference; lastKnownFileType = text.plist.strings; name = en; path = en.lproj/InfoPlist.strings; sourceTree = "<group>"; };
		1854EE70189D712D00C2F74A /* main.m */ = {isa = PBXFileReference; lastKnownFileType = sourcecode.c.objc; path = main.m; sourceTree = "<group>"; };
		1854EE72189D712D00C2F74A /* Kibble-Prefix.pch */ = {isa = PBXFileReference; lastKnownFileType = sourcecode.c.h; path = "Kibble-Prefix.pch"; sourceTree = "<group>"; };
		1854EE73189D712D00C2F74A /* KBAppDelegate.h */ = {isa = PBXFileReference; lastKnownFileType = sourcecode.c.h; path = KBAppDelegate.h; sourceTree = "<group>"; };
		1854EE74189D712D00C2F74A /* KBAppDelegate.m */ = {isa = PBXFileReference; lastKnownFileType = sourcecode.c.objc; path = KBAppDelegate.m; sourceTree = "<group>"; };
		1854EE77189D712D00C2F74A /* Base */ = {isa = PBXFileReference; lastKnownFileType = file.storyboard; name = Base; path = Base.lproj/Main_iPhone.storyboard; sourceTree = "<group>"; };
		1854EE7A189D712D00C2F74A /* Base */ = {isa = PBXFileReference; lastKnownFileType = file.storyboard; name = Base; path = Base.lproj/Main_iPad.storyboard; sourceTree = "<group>"; };
		1854EE7C189D712D00C2F74A /* KBViewController.h */ = {isa = PBXFileReference; lastKnownFileType = sourcecode.c.h; path = KBViewController.h; sourceTree = "<group>"; };
		1854EE7D189D712D00C2F74A /* KBViewController.m */ = {isa = PBXFileReference; lastKnownFileType = sourcecode.c.objc; path = KBViewController.m; sourceTree = "<group>"; };
		1854EE7F189D712D00C2F74A /* Images.xcassets */ = {isa = PBXFileReference; lastKnownFileType = folder.assetcatalog; path = Images.xcassets; sourceTree = "<group>"; };
		1854EE85189D712D00C2F74A /* KibbleTests.xctest */ = {isa = PBXFileReference; explicitFileType = wrapper.cfbundle; includeInIndex = 0; path = KibbleTests.xctest; sourceTree = BUILT_PRODUCTS_DIR; };
		1854EE86189D712D00C2F74A /* XCTest.framework */ = {isa = PBXFileReference; lastKnownFileType = wrapper.framework; name = XCTest.framework; path = Library/Frameworks/XCTest.framework; sourceTree = DEVELOPER_DIR; };
		1854EE8E189D712D00C2F74A /* KibbleTests-Info.plist */ = {isa = PBXFileReference; lastKnownFileType = text.plist.xml; path = "KibbleTests-Info.plist"; sourceTree = "<group>"; };
		1854EE90189D712D00C2F74A /* en */ = {isa = PBXFileReference; lastKnownFileType = text.plist.strings; name = en; path = en.lproj/InfoPlist.strings; sourceTree = "<group>"; };
		1854EE92189D712D00C2F74A /* KibbleTests.m */ = {isa = PBXFileReference; lastKnownFileType = sourcecode.c.objc; path = KibbleTests.m; sourceTree = "<group>"; };
		1854EE9C189D717D00C2F74A /* UIAlertViewBlock.h */ = {isa = PBXFileReference; fileEncoding = 4; lastKnownFileType = sourcecode.c.h; path = UIAlertViewBlock.h; sourceTree = "<group>"; };
		1854EE9D189D717D00C2F74A /* UIAlertViewBlock.m */ = {isa = PBXFileReference; fileEncoding = 4; lastKnownFileType = sourcecode.c.objc; path = UIAlertViewBlock.m; sourceTree = "<group>"; };
		1854EE9E189D717D00C2F74A /* AudioWrapper.h */ = {isa = PBXFileReference; fileEncoding = 4; lastKnownFileType = sourcecode.c.h; path = AudioWrapper.h; sourceTree = "<group>"; };
		1854EE9F189D717D00C2F74A /* AudioWrapper.m */ = {isa = PBXFileReference; fileEncoding = 4; lastKnownFileType = sourcecode.c.objc; path = AudioWrapper.m; sourceTree = "<group>"; };
		1854EEA0189D717D00C2F74A /* SoundBankControllerProtocol.h */ = {isa = PBXFileReference; fileEncoding = 4; lastKnownFileType = sourcecode.c.h; path = SoundBankControllerProtocol.h; sourceTree = "<group>"; };
		1854EEA1189D717D00C2F74A /* SoundBankDataProtocol.h */ = {isa = PBXFileReference; fileEncoding = 4; lastKnownFileType = sourcecode.c.h; path = SoundBankDataProtocol.h; sourceTree = "<group>"; };
		1854EEA2189D717D00C2F74A /* SoundBank.h */ = {isa = PBXFileReference; fileEncoding = 4; lastKnownFileType = sourcecode.c.h; path = SoundBank.h; sourceTree = "<group>"; };
		1854EEA3189D717D00C2F74A /* SoundBank.m */ = {isa = PBXFileReference; fileEncoding = 4; lastKnownFileType = sourcecode.c.objc; path = SoundBank.m; sourceTree = "<group>"; };
		1854EEA4189D717D00C2F74A /* SoundBankSpeachSample.h */ = {isa = PBXFileReference; fileEncoding = 4; lastKnownFileType = sourcecode.c.h; path = SoundBankSpeachSample.h; sourceTree = "<group>"; };
		1854EEA5189D717D00C2F74A /* SoundBankSpeachSample.m */ = {isa = PBXFileReference; fileEncoding = 4; lastKnownFileType = sourcecode.c.objc; path = SoundBankSpeachSample.m; sourceTree = "<group>"; };
		1854EEA6189D717D00C2F74A /* Speak.h */ = {isa = PBXFileReference; fileEncoding = 4; lastKnownFileType = sourcecode.c.h; path = Speak.h; sourceTree = "<group>"; };
		1854EEA7189D717D00C2F74A /* Speak.m */ = {isa = PBXFileReference; fileEncoding = 4; lastKnownFileType = sourcecode.c.objc; path = Speak.m; sourceTree = "<group>"; };
		1854EEA8189D717D00C2F74A /* Narrator.h */ = {isa = PBXFileReference; fileEncoding = 4; lastKnownFileType = sourcecode.c.h; path = Narrator.h; sourceTree = "<group>"; };
		1854EEA9189D717D00C2F74A /* Narrator.m */ = {isa = PBXFileReference; fileEncoding = 4; lastKnownFileType = sourcecode.c.objc; path = Narrator.m; sourceTree = "<group>"; };
		1854EEAA189D717D00C2F74A /* BackEnd.h */ = {isa = PBXFileReference; fileEncoding = 4; lastKnownFileType = sourcecode.c.h; path = BackEnd.h; sourceTree = "<group>"; };
		1854EEAB189D717D00C2F74A /* BackEnd.m */ = {isa = PBXFileReference; fileEncoding = 4; lastKnownFileType = sourcecode.c.objc; path = BackEnd.m; sourceTree = "<group>"; };
		1854EEAC189D717D00C2F74A /* Install.h */ = {isa = PBXFileReference; fileEncoding = 4; lastKnownFileType = sourcecode.c.h; path = Install.h; sourceTree = "<group>"; };
		1854EEAD189D717D00C2F74A /* Install.m */ = {isa = PBXFileReference; fileEncoding = 4; lastKnownFileType = sourcecode.c.objc; path = Install.m; sourceTree = "<group>"; };
		1854EEAE189D717E00C2F74A /* Reachability.h */ = {isa = PBXFileReference; fileEncoding = 4; lastKnownFileType = sourcecode.c.h; path = Reachability.h; sourceTree = "<group>"; };
		1854EEAF189D717E00C2F74A /* Reachability.m */ = {isa = PBXFileReference; fileEncoding = 4; lastKnownFileType = sourcecode.c.objc; path = Reachability.m; sourceTree = "<group>"; };
		1854EEB0189D717E00C2F74A /* Local.h */ = {isa = PBXFileReference; fileEncoding = 4; lastKnownFileType = sourcecode.c.h; path = Local.h; sourceTree = "<group>"; };
		1854EEB1189D717E00C2F74A /* Local.m */ = {isa = PBXFileReference; fileEncoding = 4; lastKnownFileType = sourcecode.c.objc; path = Local.m; sourceTree = "<group>"; };
		1854EEB2189D717E00C2F74A /* Localizable.strings */ = {isa = PBXFileReference; fileEncoding = 4; lastKnownFileType = text.plist.strings; path = Localizable.strings; sourceTree = "<group>"; };
		1854EEB3189D717E00C2F74A /* User.h */ = {isa = PBXFileReference; fileEncoding = 4; lastKnownFileType = sourcecode.c.h; path = User.h; sourceTree = "<group>"; };
		1854EEB4189D717E00C2F74A /* User.m */ = {isa = PBXFileReference; fileEncoding = 4; lastKnownFileType = sourcecode.c.objc; path = User.m; sourceTree = "<group>"; };
		1854EEC4189D724B00C2F74A /* SCElementViewController.h */ = {isa = PBXFileReference; fileEncoding = 4; lastKnownFileType = sourcecode.c.h; path = SCElementViewController.h; sourceTree = "<group>"; };
		1854EEC5189D724B00C2F74A /* SCElementViewController.m */ = {isa = PBXFileReference; fileEncoding = 4; lastKnownFileType = sourcecode.c.objc; path = SCElementViewController.m; sourceTree = "<group>"; };
		1854EEC7189D726D00C2F74A /* SCDatabaseObjectProtocol.h */ = {isa = PBXFileReference; fileEncoding = 4; lastKnownFileType = sourcecode.c.h; path = SCDatabaseObjectProtocol.h; sourceTree = "<group>"; };
		1854EEC8189D726D00C2F74A /* SCElement.h */ = {isa = PBXFileReference; fileEncoding = 4; lastKnownFileType = sourcecode.c.h; path = SCElement.h; sourceTree = "<group>"; };
		1854EEC9189D726D00C2F74A /* SCElement.m */ = {isa = PBXFileReference; fileEncoding = 4; lastKnownFileType = sourcecode.c.objc; path = SCElement.m; sourceTree = "<group>"; };
		1854EECB189D753500C2F74A /* SCDatabase.h */ = {isa = PBXFileReference; lastKnownFileType = sourcecode.c.h; path = SCDatabase.h; sourceTree = "<group>"; };
		1854EECC189D754100C2F74A /* SCDatabase.m */ = {isa = PBXFileReference; fileEncoding = 4; lastKnownFileType = sourcecode.c.objc; path = SCDatabase.m; sourceTree = "<group>"; };
		1854EECE189D754D00C2F74A /* SCPage.h */ = {isa = PBXFileReference; fileEncoding = 4; lastKnownFileType = sourcecode.c.h; path = SCPage.h; sourceTree = "<group>"; };
		1854EECF189D754D00C2F74A /* SCPage.m */ = {isa = PBXFileReference; fileEncoding = 4; lastKnownFileType = sourcecode.c.objc; path = SCPage.m; sourceTree = "<group>"; };
		1854EED0189D754D00C2F74A /* SCTest.h */ = {isa = PBXFileReference; fileEncoding = 4; lastKnownFileType = sourcecode.c.h; path = SCTest.h; sourceTree = "<group>"; };
		1854EED1189D754D00C2F74A /* SCTest.m */ = {isa = PBXFileReference; fileEncoding = 4; lastKnownFileType = sourcecode.c.objc; path = SCTest.m; sourceTree = "<group>"; };
		1854EED2189D754D00C2F74A /* SCBattery.h */ = {isa = PBXFileReference; fileEncoding = 4; lastKnownFileType = sourcecode.c.h; path = SCBattery.h; sourceTree = "<group>"; };
		1854EED3189D754D00C2F74A /* SCBattery.m */ = {isa = PBXFileReference; fileEncoding = 4; lastKnownFileType = sourcecode.c.objc; path = SCBattery.m; sourceTree = "<group>"; };
		1854EED4189D754D00C2F74A /* SCScore.h */ = {isa = PBXFileReference; fileEncoding = 4; lastKnownFileType = sourcecode.c.h; path = SCScore.h; sourceTree = "<group>"; };
		1854EED5189D754D00C2F74A /* SCScore.m */ = {isa = PBXFileReference; fileEncoding = 4; lastKnownFileType = sourcecode.c.objc; path = SCScore.m; sourceTree = "<group>"; };
		1854EED6189D754D00C2F74A /* SCAssessment.h */ = {isa = PBXFileReference; fileEncoding = 4; lastKnownFileType = sourcecode.c.h; path = SCAssessment.h; sourceTree = "<group>"; };
		1854EED7189D754D00C2F74A /* SCAssessment.m */ = {isa = PBXFileReference; fileEncoding = 4; lastKnownFileType = sourcecode.c.objc; path = SCAssessment.m; sourceTree = "<group>"; };
		1854EEDD189D762F00C2F74A /* Parse.framework */ = {isa = PBXFileReference; lastKnownFileType = wrapper.framework; path = Parse.framework; sourceTree = "<group>"; };
		1854EEDF189D763A00C2F74A /* SDWebImage.framework */ = {isa = PBXFileReference; lastKnownFileType = wrapper.framework; path = SDWebImage.framework; sourceTree = "<group>"; };
		1854EEE1189D778500C2F74A /* KBRapidTestViewController.h */ = {isa = PBXFileReference; fileEncoding = 4; lastKnownFileType = sourcecode.c.h; path = KBRapidTestViewController.h; sourceTree = "<group>"; };
		1854EEE2189D778500C2F74A /* KBRapidTestViewController.m */ = {isa = PBXFileReference; fileEncoding = 4; lastKnownFileType = sourcecode.c.objc; path = KBRapidTestViewController.m; sourceTree = "<group>"; };
		1854EEE4189DA68900C2F74A /* KibbleType.h */ = {isa = PBXFileReference; fileEncoding = 4; lastKnownFileType = sourcecode.c.h; path = KibbleType.h; sourceTree = "<group>"; };
		1854EEE5189DA68900C2F74A /* KibbleType.m */ = {isa = PBXFileReference; fileEncoding = 4; lastKnownFileType = sourcecode.c.objc; path = KibbleType.m; sourceTree = "<group>"; };
		1854EEE7189DA6F000C2F74A /* Kibble.h */ = {isa = PBXFileReference; fileEncoding = 4; lastKnownFileType = sourcecode.c.h; path = Kibble.h; sourceTree = "<group>"; };
		1854EEE8189DA6F000C2F74A /* Kibble.m */ = {isa = PBXFileReference; fileEncoding = 4; lastKnownFileType = sourcecode.c.objc; path = Kibble.m; sourceTree = "<group>"; };
		1854EEEA189DBA1C00C2F74A /* KBDatabase.h */ = {isa = PBXFileReference; fileEncoding = 4; lastKnownFileType = sourcecode.c.h; path = KBDatabase.h; sourceTree = "<group>"; };
		1854EEEB189DBA1C00C2F74A /* KBDatabase.m */ = {isa = PBXFileReference; fileEncoding = 4; lastKnownFileType = sourcecode.c.objc; path = KBDatabase.m; sourceTree = "<group>"; };
		1868040918D820F500B75D86 /* SensibleTableView.framework */ = {isa = PBXFileReference; lastKnownFileType = wrapper.framework; name = SensibleTableView.framework; path = "../STV/Static Frameworks/SensibleTableView.framework"; sourceTree = "<group>"; };
		1868041118D826DB00B75D86 /* iPadDetailViewController.h */ = {isa = PBXFileReference; fileEncoding = 4; lastKnownFileType = sourcecode.c.h; name = iPadDetailViewController.h; path = Kibble/iPadDetailViewController.h; sourceTree = "<group>"; };
		1868041218D826DB00B75D86 /* iPadDetailViewController.m */ = {isa = PBXFileReference; fileEncoding = 4; lastKnownFileType = sourcecode.c.objc; name = iPadDetailViewController.m; path = Kibble/iPadDetailViewController.m; sourceTree = "<group>"; };
		1868041418D8272E00B75D86 /* RootViewController.h */ = {isa = PBXFileReference; fileEncoding = 4; lastKnownFileType = sourcecode.c.h; name = RootViewController.h; path = Kibble/RootViewController.h; sourceTree = "<group>"; };
		1868041518D8272E00B75D86 /* RootViewController.m */ = {isa = PBXFileReference; fileEncoding = 4; lastKnownFileType = sourcecode.c.objc; name = RootViewController.m; path = Kibble/RootViewController.m; sourceTree = "<group>"; };
		186FAF1D18BC14A80074BA09 /* SuperDBCore.xcodeproj */ = {isa = PBXFileReference; lastKnownFileType = "wrapper.pb-project"; name = SuperDBCore.xcodeproj; path = superdb/SuperDBCore/SuperDBCore.xcodeproj; sourceTree = "<group>"; };
		188046B718E346840088094B /* KTInterface.h */ = {isa = PBXFileReference; fileEncoding = 4; lastKnownFileType = sourcecode.c.h; path = KTInterface.h; sourceTree = "<group>"; };
		188046B818E346840088094B /* KTInterface.m */ = {isa = PBXFileReference; fileEncoding = 4; lastKnownFileType = sourcecode.c.objc; path = KTInterface.m; sourceTree = "<group>"; };
		188046C018EA885B0088094B /* KEMessageEditorVC.h */ = {isa = PBXFileReference; fileEncoding = 4; lastKnownFileType = sourcecode.c.h; path = KEMessageEditorVC.h; sourceTree = "<group>"; };
		188046C118EA885B0088094B /* KEMessageEditorVC.m */ = {isa = PBXFileReference; fileEncoding = 4; lastKnownFileType = sourcecode.c.objc; path = KEMessageEditorVC.m; sourceTree = "<group>"; };
		188046C318EB2F7D0088094B /* KEPickFromSet.h */ = {isa = PBXFileReference; fileEncoding = 4; lastKnownFileType = sourcecode.c.h; path = KEPickFromSet.h; sourceTree = "<group>"; };
		188046C418EB2F7D0088094B /* KEPickFromSet.m */ = {isa = PBXFileReference; fileEncoding = 4; lastKnownFileType = sourcecode.c.objc; path = KEPickFromSet.m; sourceTree = "<group>"; };
		188046C618EB6BCF0088094B /* KBEditorObject.h */ = {isa = PBXFileReference; fileEncoding = 4; lastKnownFileType = sourcecode.c.h; path = KBEditorObject.h; sourceTree = "<group>"; };
		188046C718EB6BCF0088094B /* KBEditorObject.m */ = {isa = PBXFileReference; fileEncoding = 4; lastKnownFileType = sourcecode.c.objc; path = KBEditorObject.m; sourceTree = "<group>"; };
		188FBE1218ED1F410054AE0E /* KTMessage.h */ = {isa = PBXFileReference; fileEncoding = 4; lastKnownFileType = sourcecode.c.h; path = KTMessage.h; sourceTree = "<group>"; };
		188FBE1318ED1F410054AE0E /* KTMessage.m */ = {isa = PBXFileReference; fileEncoding = 4; lastKnownFileType = sourcecode.c.objc; path = KTMessage.m; sourceTree = "<group>"; };
		1898C91418D5605D000E2AD2 /* KTClassRnD.h */ = {isa = PBXFileReference; fileEncoding = 4; lastKnownFileType = sourcecode.c.h; path = KTClassRnD.h; sourceTree = "<group>"; };
		1898C91518D5605D000E2AD2 /* KTClassRnD.m */ = {isa = PBXFileReference; fileEncoding = 4; lastKnownFileType = sourcecode.c.objc; path = KTClassRnD.m; sourceTree = "<group>"; };
		18CC492918A48A720067D18A /* JSRnD.h */ = {isa = PBXFileReference; fileEncoding = 4; lastKnownFileType = sourcecode.c.h; path = JSRnD.h; sourceTree = "<group>"; };
		18CC492A18A48A720067D18A /* JSRnD.m */ = {isa = PBXFileReference; fileEncoding = 4; lastKnownFileType = sourcecode.c.objc; path = JSRnD.m; sourceTree = "<group>"; };
		18CC492C18A4B93D0067D18A /* JS.h */ = {isa = PBXFileReference; fileEncoding = 4; lastKnownFileType = sourcecode.c.h; path = JS.h; sourceTree = "<group>"; };
		18CC492D18A4B93D0067D18A /* JS.m */ = {isa = PBXFileReference; fileEncoding = 4; lastKnownFileType = sourcecode.c.objc; path = JS.m; sourceTree = "<group>"; };
		18CC493018A55CCD0067D18A /* VMObject.h */ = {isa = PBXFileReference; fileEncoding = 4; lastKnownFileType = sourcecode.c.h; path = VMObject.h; sourceTree = "<group>"; };
		18CC493118A55CCD0067D18A /* VMObject.m */ = {isa = PBXFileReference; fileEncoding = 4; lastKnownFileType = sourcecode.c.objc; path = VMObject.m; sourceTree = "<group>"; };
		18CC493318A55D170067D18A /* VMType.h */ = {isa = PBXFileReference; fileEncoding = 4; lastKnownFileType = sourcecode.c.h; path = VMType.h; sourceTree = "<group>"; };
		18CC493418A55D180067D18A /* VMType.m */ = {isa = PBXFileReference; fileEncoding = 4; lastKnownFileType = sourcecode.c.objc; path = VMType.m; sourceTree = "<group>"; };
		18CC493618A55D4F0067D18A /* VMInstance.h */ = {isa = PBXFileReference; fileEncoding = 4; lastKnownFileType = sourcecode.c.h; path = VMInstance.h; sourceTree = "<group>"; };
		18CC493718A55D4F0067D18A /* VMInstance.m */ = {isa = PBXFileReference; fileEncoding = 4; lastKnownFileType = sourcecode.c.objc; path = VMInstance.m; sourceTree = "<group>"; };
		18CC493918A55D770067D18A /* VMTalk.h */ = {isa = PBXFileReference; fileEncoding = 4; lastKnownFileType = sourcecode.c.h; path = VMTalk.h; sourceTree = "<group>"; };
		18CC493A18A55D770067D18A /* VMTalk.m */ = {isa = PBXFileReference; fileEncoding = 4; lastKnownFileType = sourcecode.c.objc; path = VMTalk.m; sourceTree = "<group>"; };
		18CC493C18A5772F0067D18A /* KibbleVM.h */ = {isa = PBXFileReference; fileEncoding = 4; lastKnownFileType = sourcecode.c.h; path = KibbleVM.h; sourceTree = "<group>"; };
		18CC493D18A5772F0067D18A /* KibbleVM.m */ = {isa = PBXFileReference; fileEncoding = 4; lastKnownFileType = sourcecode.c.objc; path = KibbleVM.m; sourceTree = "<group>"; };
		18CC493F18A5C7CC0067D18A /* VMKode.h */ = {isa = PBXFileReference; fileEncoding = 4; lastKnownFileType = sourcecode.c.h; path = VMKode.h; sourceTree = "<group>"; };
		18CC494018A5C7CC0067D18A /* VMKode.m */ = {isa = PBXFileReference; fileEncoding = 4; lastKnownFileType = sourcecode.c.objc; path = VMKode.m; sourceTree = "<group>"; };
		18CC494218A693B70067D18A /* VMTalkPhase.h */ = {isa = PBXFileReference; fileEncoding = 4; lastKnownFileType = sourcecode.c.h; path = VMTalkPhase.h; sourceTree = "<group>"; };
		18CC494318A693B70067D18A /* VMTalkPhase.m */ = {isa = PBXFileReference; fileEncoding = 4; lastKnownFileType = sourcecode.c.objc; path = VMTalkPhase.m; sourceTree = "<group>"; };
		18CC494518A6C44F0067D18A /* KETile.h */ = {isa = PBXFileReference; fileEncoding = 4; lastKnownFileType = sourcecode.c.h; path = KETile.h; sourceTree = "<group>"; };
		18CC494618A6C44F0067D18A /* KETile.m */ = {isa = PBXFileReference; fileEncoding = 4; lastKnownFileType = sourcecode.c.objc; path = KETile.m; sourceTree = "<group>"; };
		18CC494818A6CDCE0067D18A /* KETileSystem.h */ = {isa = PBXFileReference; fileEncoding = 4; lastKnownFileType = sourcecode.c.h; path = KETileSystem.h; sourceTree = "<group>"; };
		18CC494918A6CDCE0067D18A /* KETileSystem.m */ = {isa = PBXFileReference; fileEncoding = 4; lastKnownFileType = sourcecode.c.objc; path = KETileSystem.m; sourceTree = "<group>"; };
		18D6F25318B52CDF00FCA279 /* KibbleV2.h */ = {isa = PBXFileReference; fileEncoding = 4; lastKnownFileType = sourcecode.c.h; path = KibbleV2.h; sourceTree = "<group>"; };
		18D6F25418B52CDF00FCA279 /* KibbleV2.m */ = {isa = PBXFileReference; fileEncoding = 4; lastKnownFileType = sourcecode.c.objc; path = KibbleV2.m; sourceTree = "<group>"; };
		18D7422218A1961B001F8586 /* MathHelper.h */ = {isa = PBXFileReference; fileEncoding = 4; lastKnownFileType = sourcecode.c.h; path = MathHelper.h; sourceTree = "<group>"; };
		18D7422318A1961B001F8586 /* MathHelper.m */ = {isa = PBXFileReference; fileEncoding = 4; lastKnownFileType = sourcecode.c.objc; path = MathHelper.m; sourceTree = "<group>"; };
		18D7422518A199E5001F8586 /* KibbleTalk.h */ = {isa = PBXFileReference; fileEncoding = 4; lastKnownFileType = sourcecode.c.h; path = KibbleTalk.h; sourceTree = "<group>"; };
		18D7422618A199E5001F8586 /* KibbleTalk.m */ = {isa = PBXFileReference; fileEncoding = 4; lastKnownFileType = sourcecode.c.objc; path = KibbleTalk.m; sourceTree = "<group>"; };
/* End PBXFileReference section */

/* Begin PBXFrameworksBuildPhase section */
		1854EE5E189D712D00C2F74A /* Frameworks */ = {
			isa = PBXFrameworksBuildPhase;
			buildActionMask = 2147483647;
			files = (
				186FAF2818BC14C80074BA09 /* libSuperDBCore.a in Frameworks */,
				1854EEE0189D763A00C2F74A /* SDWebImage.framework in Frameworks */,
				1854EEDE189D762F00C2F74A /* Parse.framework in Frameworks */,
				1868040A18D820F500B75D86 /* SensibleTableView.framework in Frameworks */,
			);
			runOnlyForDeploymentPostprocessing = 0;
		};
		1854EE82189D712D00C2F74A /* Frameworks */ = {
			isa = PBXFrameworksBuildPhase;
			buildActionMask = 2147483647;
			files = (
				1854EE87189D712D00C2F74A /* XCTest.framework in Frameworks */,
				1854EE89189D712D00C2F74A /* UIKit.framework in Frameworks */,
				1854EE88189D712D00C2F74A /* Foundation.framework in Frameworks */,
			);
			runOnlyForDeploymentPostprocessing = 0;
		};
/* End PBXFrameworksBuildPhase section */

/* Begin PBXGroup section */
		1854EE58189D712D00C2F74A = {
			isa = PBXGroup;
			children = (
				1868040C18D8240B00B75D86 /* SVC */,
				1854EEC1189D718A00C2F74A /* Helper Classes */,
				1854EEC2189D71D500C2F74A /* UI */,
				1854EEC3189D720400C2F74A /* Data Model */,
				18D7421B18A07810001F8586 /* Kibble Editor */,
				18CC492F18A55C890067D18A /* Kibble Virtual Machine */,
				1854EE6A189D712D00C2F74A /* Kibble - Core Object */,
				1854EEED189DCD8A00C2F74A /* Kibble - Practice */,
				1898C91818D5606B000E2AD2 /* Kibble Class Model */,
				1854EE6B189D712D00C2F74A /* Supporting Files */,
				1854EE8C189D712D00C2F74A /* KibbleTests */,
				1854EE63189D712D00C2F74A /* Frameworks */,
				1854EE62189D712D00C2F74A /* Products */,
				184D9FB518D6C5B80056DF60 /* KTFoundations */,
			);
			sourceTree = "<group>";
		};
		1854EE62189D712D00C2F74A /* Products */ = {
			isa = PBXGroup;
			children = (
				1854EE61189D712D00C2F74A /* Kibble.app */,
				1854EE85189D712D00C2F74A /* KibbleTests.xctest */,
			);
			name = Products;
			sourceTree = "<group>";
		};
		1854EE63189D712D00C2F74A /* Frameworks */ = {
			isa = PBXGroup;
			children = (
				1868040918D820F500B75D86 /* SensibleTableView.framework */,
				186FAF1D18BC14A80074BA09 /* SuperDBCore.xcodeproj */,
				1854EEDF189D763A00C2F74A /* SDWebImage.framework */,
				1854EEDD189D762F00C2F74A /* Parse.framework */,
				1854EE64189D712D00C2F74A /* Foundation.framework */,
				1854EE66189D712D00C2F74A /* CoreGraphics.framework */,
				1854EE68189D712D00C2F74A /* UIKit.framework */,
				1854EE86189D712D00C2F74A /* XCTest.framework */,
			);
			name = Frameworks;
			sourceTree = "<group>";
		};
		1854EE6A189D712D00C2F74A /* Kibble - Core Object */ = {
			isa = PBXGroup;
			children = (
				18D6F25318B52CDF00FCA279 /* KibbleV2.h */,
				18D6F25418B52CDF00FCA279 /* KibbleV2.m */,
				18CC492C18A4B93D0067D18A /* JS.h */,
				18CC492D18A4B93D0067D18A /* JS.m */,
				1854EEEA189DBA1C00C2F74A /* KBDatabase.h */,
				1854EEEB189DBA1C00C2F74A /* KBDatabase.m */,
				1854EEE4189DA68900C2F74A /* KibbleType.h */,
				1854EEE5189DA68900C2F74A /* KibbleType.m */,
				1854EEE7189DA6F000C2F74A /* Kibble.h */,
				1854EEE8189DA6F000C2F74A /* Kibble.m */,
				18D7422518A199E5001F8586 /* KibbleTalk.h */,
				18D7422618A199E5001F8586 /* KibbleTalk.m */,
			);
			name = "Kibble - Core Object";
			path = Kibble;
			sourceTree = "<group>";
		};
		1854EE6B189D712D00C2F74A /* Supporting Files */ = {
			isa = PBXGroup;
			children = (
				1854EE7F189D712D00C2F74A /* Images.xcassets */,
				1854EE73189D712D00C2F74A /* KBAppDelegate.h */,
				1854EE74189D712D00C2F74A /* KBAppDelegate.m */,
				1854EE76189D712D00C2F74A /* Main_iPhone.storyboard */,
				1854EE7C189D712D00C2F74A /* KBViewController.h */,
				1854EE7D189D712D00C2F74A /* KBViewController.m */,
				1854EE6C189D712D00C2F74A /* Kibble-Info.plist */,
				1854EE6D189D712D00C2F74A /* InfoPlist.strings */,
				1854EE70189D712D00C2F74A /* main.m */,
				1854EE72189D712D00C2F74A /* Kibble-Prefix.pch */,
			);
			name = "Supporting Files";
			path = Kibble;
			sourceTree = "<group>";
		};
		1854EE8C189D712D00C2F74A /* KibbleTests */ = {
			isa = PBXGroup;
			children = (
				1854EE92189D712D00C2F74A /* KibbleTests.m */,
				1854EE8D189D712D00C2F74A /* Supporting Files */,
			);
			path = KibbleTests;
			sourceTree = "<group>";
		};
		1854EE8D189D712D00C2F74A /* Supporting Files */ = {
			isa = PBXGroup;
			children = (
				1854EE8E189D712D00C2F74A /* KibbleTests-Info.plist */,
				1854EE8F189D712D00C2F74A /* InfoPlist.strings */,
			);
			name = "Supporting Files";
			sourceTree = "<group>";
		};
		1854EEC1189D718A00C2F74A /* Helper Classes */ = {
			isa = PBXGroup;
			children = (
				1854EE9C189D717D00C2F74A /* UIAlertViewBlock.h */,
				1854EE9D189D717D00C2F74A /* UIAlertViewBlock.m */,
				1854EE9E189D717D00C2F74A /* AudioWrapper.h */,
				1854EE9F189D717D00C2F74A /* AudioWrapper.m */,
				1854EEA0189D717D00C2F74A /* SoundBankControllerProtocol.h */,
				1854EEA1189D717D00C2F74A /* SoundBankDataProtocol.h */,
				1854EEA2189D717D00C2F74A /* SoundBank.h */,
				1854EEA3189D717D00C2F74A /* SoundBank.m */,
				1854EEA4189D717D00C2F74A /* SoundBankSpeachSample.h */,
				1854EEA5189D717D00C2F74A /* SoundBankSpeachSample.m */,
				1854EEA6189D717D00C2F74A /* Speak.h */,
				1854EEA7189D717D00C2F74A /* Speak.m */,
				1854EEA8189D717D00C2F74A /* Narrator.h */,
				1854EEA9189D717D00C2F74A /* Narrator.m */,
				1854EEAA189D717D00C2F74A /* BackEnd.h */,
				1854EEAB189D717D00C2F74A /* BackEnd.m */,
				1854EEAC189D717D00C2F74A /* Install.h */,
				1854EEAD189D717D00C2F74A /* Install.m */,
				1854EEAE189D717E00C2F74A /* Reachability.h */,
				1854EEAF189D717E00C2F74A /* Reachability.m */,
				1854EEB0189D717E00C2F74A /* Local.h */,
				1854EEB1189D717E00C2F74A /* Local.m */,
				1854EEB2189D717E00C2F74A /* Localizable.strings */,
				1854EEB3189D717E00C2F74A /* User.h */,
				1854EEB4189D717E00C2F74A /* User.m */,
				18D7422218A1961B001F8586 /* MathHelper.h */,
				18D7422318A1961B001F8586 /* MathHelper.m */,
			);
			name = "Helper Classes";
			sourceTree = "<group>";
		};
		1854EEC2189D71D500C2F74A /* UI */ = {
			isa = PBXGroup;
			children = (
				1854EE79189D712D00C2F74A /* Main_iPad.storyboard */,
				1854EEC4189D724B00C2F74A /* SCElementViewController.h */,
				1854EEC5189D724B00C2F74A /* SCElementViewController.m */,
				1854EEE1189D778500C2F74A /* KBRapidTestViewController.h */,
				1854EEE2189D778500C2F74A /* KBRapidTestViewController.m */,
			);
			name = UI;
			sourceTree = "<group>";
		};
		1854EEC3189D720400C2F74A /* Data Model */ = {
			isa = PBXGroup;
			children = (
				1854EECB189D753500C2F74A /* SCDatabase.h */,
				1854EEC7189D726D00C2F74A /* SCDatabaseObjectProtocol.h */,
				1854EECC189D754100C2F74A /* SCDatabase.m */,
				1854EEC8189D726D00C2F74A /* SCElement.h */,
				1854EEC9189D726D00C2F74A /* SCElement.m */,
				1854EECE189D754D00C2F74A /* SCPage.h */,
				1854EECF189D754D00C2F74A /* SCPage.m */,
				1854EED0189D754D00C2F74A /* SCTest.h */,
				1854EED1189D754D00C2F74A /* SCTest.m */,
				1854EED2189D754D00C2F74A /* SCBattery.h */,
				1854EED3189D754D00C2F74A /* SCBattery.m */,
				1854EED4189D754D00C2F74A /* SCScore.h */,
				1854EED5189D754D00C2F74A /* SCScore.m */,
				1854EED6189D754D00C2F74A /* SCAssessment.h */,
				1854EED7189D754D00C2F74A /* SCAssessment.m */,
			);
			name = "Data Model";
			sourceTree = "<group>";
		};
		1854EEED189DCD8A00C2F74A /* Kibble - Practice */ = {
			isa = PBXGroup;
			children = (
				18CC492918A48A720067D18A /* JSRnD.h */,
				18CC492A18A48A720067D18A /* JSRnD.m */,
			);
			name = "Kibble - Practice";
			path = Kibble;
			sourceTree = "<group>";
		};
		1868040C18D8240B00B75D86 /* SVC */ = {
			isa = PBXGroup;
			children = (
				1868041418D8272E00B75D86 /* RootViewController.h */,
				1868041518D8272E00B75D86 /* RootViewController.m */,
				1868041118D826DB00B75D86 /* iPadDetailViewController.h */,
				1868041218D826DB00B75D86 /* iPadDetailViewController.m */,
			);
			name = SVC;
			sourceTree = "<group>";
		};
		186FAF1E18BC14A80074BA09 /* Products */ = {
			isa = PBXGroup;
			children = (
				186FAF2318BC14A80074BA09 /* libSuperDBCore.a */,
				186FAF2518BC14A80074BA09 /* libSuperDBCoreMac.a */,
			);
			name = Products;
			sourceTree = "<group>";
		};
		1898C91818D5606B000E2AD2 /* Kibble Class Model */ = {
			isa = PBXGroup;
			children = (
				1898C91418D5605D000E2AD2 /* KTClassRnD.h */,
				1898C91518D5605D000E2AD2 /* KTClassRnD.m */,
				188046B718E346840088094B /* KTInterface.h */,
				188046B818E346840088094B /* KTInterface.m */,
				188FBE1218ED1F410054AE0E /* KTMessage.h */,
				188FBE1318ED1F410054AE0E /* KTMessage.m */,
				1810B86818F8C26E00C6920D /* KTObject.h */,
				1810B86918F8C26E00C6920D /* KTObject.m */,
			);
			name = "Kibble Class Model";
			sourceTree = "<group>";
		};
		18CC492F18A55C890067D18A /* Kibble Virtual Machine */ = {
			isa = PBXGroup;
			children = (
				18CC493C18A5772F0067D18A /* KibbleVM.h */,
				18CC493D18A5772F0067D18A /* KibbleVM.m */,
				18CC493018A55CCD0067D18A /* VMObject.h */,
				18CC493118A55CCD0067D18A /* VMObject.m */,
				18CC493318A55D170067D18A /* VMType.h */,
				18CC493418A55D180067D18A /* VMType.m */,
				18CC493618A55D4F0067D18A /* VMInstance.h */,
				18CC493718A55D4F0067D18A /* VMInstance.m */,
				18CC493918A55D770067D18A /* VMTalk.h */,
				18CC493A18A55D770067D18A /* VMTalk.m */,
				18CC494218A693B70067D18A /* VMTalkPhase.h */,
				18CC494318A693B70067D18A /* VMTalkPhase.m */,
				18CC493F18A5C7CC0067D18A /* VMKode.h */,
				18CC494018A5C7CC0067D18A /* VMKode.m */,
			);
			name = "Kibble Virtual Machine";
			path = Kibble;
			sourceTree = "<group>";
		};
		18D7421B18A07810001F8586 /* Kibble Editor */ = {
			isa = PBXGroup;
			children = (
				18CC494818A6CDCE0067D18A /* KETileSystem.h */,
				18CC494918A6CDCE0067D18A /* KETileSystem.m */,
				18CC494518A6C44F0067D18A /* KETile.h */,
				18CC494618A6C44F0067D18A /* KETile.m */,
				188046C018EA885B0088094B /* KEMessageEditorVC.h */,
				188046C118EA885B0088094B /* KEMessageEditorVC.m */,
				188046C318EB2F7D0088094B /* KEPickFromSet.h */,
				188046C418EB2F7D0088094B /* KEPickFromSet.m */,
				188046C618EB6BCF0088094B /* KBEditorObject.h */,
				188046C718EB6BCF0088094B /* KBEditorObject.m */,
			);
			name = "Kibble Editor";
			path = Kibble;
			sourceTree = "<group>";
		};
/* End PBXGroup section */

/* Begin PBXNativeTarget section */
		1854EE60189D712D00C2F74A /* Kibble */ = {
			isa = PBXNativeTarget;
			buildConfigurationList = 1854EE96189D712D00C2F74A /* Build configuration list for PBXNativeTarget "Kibble" */;
			buildPhases = (
				1854EE5D189D712D00C2F74A /* Sources */,
				1854EE5E189D712D00C2F74A /* Frameworks */,
				1854EE5F189D712D00C2F74A /* Resources */,
			);
			buildRules = (
			);
			dependencies = (
				186FAF2718BC14BF0074BA09 /* PBXTargetDependency */,
			);
			name = Kibble;
			productName = Kibble;
			productReference = 1854EE61189D712D00C2F74A /* Kibble.app */;
			productType = "com.apple.product-type.application";
		};
		1854EE84189D712D00C2F74A /* KibbleTests */ = {
			isa = PBXNativeTarget;
			buildConfigurationList = 1854EE99189D712D00C2F74A /* Build configuration list for PBXNativeTarget "KibbleTests" */;
			buildPhases = (
				1854EE81189D712D00C2F74A /* Sources */,
				1854EE82189D712D00C2F74A /* Frameworks */,
				1854EE83189D712D00C2F74A /* Resources */,
			);
			buildRules = (
			);
			dependencies = (
				1854EE8B189D712D00C2F74A /* PBXTargetDependency */,
			);
			name = KibbleTests;
			productName = KibbleTests;
			productReference = 1854EE85189D712D00C2F74A /* KibbleTests.xctest */;
			productType = "com.apple.product-type.bundle.unit-test";
		};
/* End PBXNativeTarget section */

/* Begin PBXProject section */
		1854EE59189D712D00C2F74A /* Project object */ = {
			isa = PBXProject;
			attributes = {
				CLASSPREFIX = KB;
				LastUpgradeCheck = 0500;
				ORGANIZATIONNAME = "Vidya Gamer";
				TargetAttributes = {
					1854EE84189D712D00C2F74A = {
						TestTargetID = 1854EE60189D712D00C2F74A;
					};
				};
			};
			buildConfigurationList = 1854EE5C189D712D00C2F74A /* Build configuration list for PBXProject "Kibble" */;
			compatibilityVersion = "Xcode 3.2";
			developmentRegion = English;
			hasScannedForEncodings = 0;
			knownRegions = (
				en,
				Base,
			);
			mainGroup = 1854EE58189D712D00C2F74A;
			productRefGroup = 1854EE62189D712D00C2F74A /* Products */;
			projectDirPath = "";
			projectReferences = (
				{
					ProductGroup = 186FAF1E18BC14A80074BA09 /* Products */;
					ProjectRef = 186FAF1D18BC14A80074BA09 /* SuperDBCore.xcodeproj */;
				},
			);
			projectRoot = "";
			targets = (
				1854EE60189D712D00C2F74A /* Kibble */,
				1854EE84189D712D00C2F74A /* KibbleTests */,
			);
		};
/* End PBXProject section */

/* Begin PBXReferenceProxy section */
		186FAF2318BC14A80074BA09 /* libSuperDBCore.a */ = {
			isa = PBXReferenceProxy;
			fileType = archive.ar;
			path = libSuperDBCore.a;
			remoteRef = 186FAF2218BC14A80074BA09 /* PBXContainerItemProxy */;
			sourceTree = BUILT_PRODUCTS_DIR;
		};
		186FAF2518BC14A80074BA09 /* libSuperDBCoreMac.a */ = {
			isa = PBXReferenceProxy;
			fileType = archive.ar;
			path = libSuperDBCoreMac.a;
			remoteRef = 186FAF2418BC14A80074BA09 /* PBXContainerItemProxy */;
			sourceTree = BUILT_PRODUCTS_DIR;
		};
/* End PBXReferenceProxy section */

/* Begin PBXResourcesBuildPhase section */
		1854EE5F189D712D00C2F74A /* Resources */ = {
			isa = PBXResourcesBuildPhase;
			buildActionMask = 2147483647;
			files = (
				1854EEBF189D717E00C2F74A /* Localizable.strings in Resources */,
				1854EE7B189D712D00C2F74A /* Main_iPad.storyboard in Resources */,
				184D9FB618D6C5B80056DF60 /* KTFoundations in Resources */,
				1854EE80189D712D00C2F74A /* Images.xcassets in Resources */,
				1854EE78189D712D00C2F74A /* Main_iPhone.storyboard in Resources */,
				1854EE6F189D712D00C2F74A /* InfoPlist.strings in Resources */,
			);
			runOnlyForDeploymentPostprocessing = 0;
		};
		1854EE83189D712D00C2F74A /* Resources */ = {
			isa = PBXResourcesBuildPhase;
			buildActionMask = 2147483647;
			files = (
				1854EE91189D712D00C2F74A /* InfoPlist.strings in Resources */,
			);
			runOnlyForDeploymentPostprocessing = 0;
		};
/* End PBXResourcesBuildPhase section */

/* Begin PBXSourcesBuildPhase section */
		1854EE5D189D712D00C2F74A /* Sources */ = {
			isa = PBXSourcesBuildPhase;
			buildActionMask = 2147483647;
			files = (
				1854EEB6189D717E00C2F74A /* AudioWrapper.m in Sources */,
				1854EEDB189D754D00C2F74A /* SCScore.m in Sources */,
				18CC492B18A48A720067D18A /* JSRnD.m in Sources */,
				1854EEB7189D717E00C2F74A /* SoundBank.m in Sources */,
				1898C91618D5605D000E2AD2 /* KTClassRnD.m in Sources */,
				1854EEB8189D717E00C2F74A /* SoundBankSpeachSample.m in Sources */,
				1854EEDA189D754D00C2F74A /* SCBattery.m in Sources */,
				1854EED9189D754D00C2F74A /* SCTest.m in Sources */,
				1854EEE9189DA6F000C2F74A /* Kibble.m in Sources */,
				1854EE7E189D712D00C2F74A /* KBViewController.m in Sources */,
				188FBE1418ED1F410054AE0E /* KTMessage.m in Sources */,
				1854EEC6189D724B00C2F74A /* SCElementViewController.m in Sources */,
				1854EEEC189DBA1C00C2F74A /* KBDatabase.m in Sources */,
				1854EEBB189D717E00C2F74A /* BackEnd.m in Sources */,
				18CC493E18A5772F0067D18A /* KibbleVM.m in Sources */,
				18CC492E18A4B93D0067D18A /* JS.m in Sources */,
				18CC494418A693B70067D18A /* VMTalkPhase.m in Sources */,
				18D6F25518B52CDF00FCA279 /* KibbleV2.m in Sources */,
				1854EEDC189D754D00C2F74A /* SCAssessment.m in Sources */,
				1868041618D8272E00B75D86 /* RootViewController.m in Sources */,
				1854EEE3189D778500C2F74A /* KBRapidTestViewController.m in Sources */,
				1854EECA189D726D00C2F74A /* SCElement.m in Sources */,
				188046C518EB2F7D0088094B /* KEPickFromSet.m in Sources */,
				188046C818EB6BCF0088094B /* KBEditorObject.m in Sources */,
				1854EEB5189D717E00C2F74A /* UIAlertViewBlock.m in Sources */,
				18CC494118A5C7CC0067D18A /* VMKode.m in Sources */,
				18CC494718A6C44F0067D18A /* KETile.m in Sources */,
				1854EE71189D712D00C2F74A /* main.m in Sources */,
				18CC493B18A55D770067D18A /* VMTalk.m in Sources */,
				1868041318D826DB00B75D86 /* iPadDetailViewController.m in Sources */,
				1854EEB9189D717E00C2F74A /* Speak.m in Sources */,
				18D7422718A199E5001F8586 /* KibbleTalk.m in Sources */,
				1854EED8189D754D00C2F74A /* SCPage.m in Sources */,
				1854EEC0189D717E00C2F74A /* User.m in Sources */,
				1810B86A18F8C26E00C6920D /* KTObject.m in Sources */,
				1854EE75189D712D00C2F74A /* KBAppDelegate.m in Sources */,
				1854EEE6189DA68900C2F74A /* KibbleType.m in Sources */,
				1854EEBC189D717E00C2F74A /* Install.m in Sources */,
				18CC493518A55D180067D18A /* VMType.m in Sources */,
				1854EEBD189D717E00C2F74A /* Reachability.m in Sources */,
				18CC493818A55D4F0067D18A /* VMInstance.m in Sources */,
				18CC493218A55CCD0067D18A /* VMObject.m in Sources */,
				1854EEBE189D717E00C2F74A /* Local.m in Sources */,
				18D7422418A1961B001F8586 /* MathHelper.m in Sources */,
				188046C218EA885B0088094B /* KEMessageEditorVC.m in Sources */,
				1854EECD189D754100C2F74A /* SCDatabase.m in Sources */,
				18CC494A18A6CDCE0067D18A /* KETileSystem.m in Sources */,
				1854EEBA189D717E00C2F74A /* Narrator.m in Sources */,
				188046B918E346840088094B /* KTInterface.m in Sources */,
			);
			runOnlyForDeploymentPostprocessing = 0;
		};
		1854EE81189D712D00C2F74A /* Sources */ = {
			isa = PBXSourcesBuildPhase;
			buildActionMask = 2147483647;
			files = (
				1854EE93189D712D00C2F74A /* KibbleTests.m in Sources */,
			);
			runOnlyForDeploymentPostprocessing = 0;
		};
/* End PBXSourcesBuildPhase section */

/* Begin PBXTargetDependency section */
		1854EE8B189D712D00C2F74A /* PBXTargetDependency */ = {
			isa = PBXTargetDependency;
			target = 1854EE60189D712D00C2F74A /* Kibble */;
			targetProxy = 1854EE8A189D712D00C2F74A /* PBXContainerItemProxy */;
		};
		186FAF2718BC14BF0074BA09 /* PBXTargetDependency */ = {
			isa = PBXTargetDependency;
			name = SuperDBCore;
			targetProxy = 186FAF2618BC14BF0074BA09 /* PBXContainerItemProxy */;
		};
/* End PBXTargetDependency section */

/* Begin PBXVariantGroup section */
		1854EE6D189D712D00C2F74A /* InfoPlist.strings */ = {
			isa = PBXVariantGroup;
			children = (
				1854EE6E189D712D00C2F74A /* en */,
			);
			name = InfoPlist.strings;
			sourceTree = "<group>";
		};
		1854EE76189D712D00C2F74A /* Main_iPhone.storyboard */ = {
			isa = PBXVariantGroup;
			children = (
				1854EE77189D712D00C2F74A /* Base */,
			);
			name = Main_iPhone.storyboard;
			sourceTree = "<group>";
		};
		1854EE79189D712D00C2F74A /* Main_iPad.storyboard */ = {
			isa = PBXVariantGroup;
			children = (
				1854EE7A189D712D00C2F74A /* Base */,
			);
			name = Main_iPad.storyboard;
			path = Kibble;
			sourceTree = "<group>";
		};
		1854EE8F189D712D00C2F74A /* InfoPlist.strings */ = {
			isa = PBXVariantGroup;
			children = (
				1854EE90189D712D00C2F74A /* en */,
			);
			name = InfoPlist.strings;
			sourceTree = "<group>";
		};
/* End PBXVariantGroup section */

/* Begin XCBuildConfiguration section */
		1854EE94189D712D00C2F74A /* Debug */ = {
			isa = XCBuildConfiguration;
			buildSettings = {
				ALWAYS_SEARCH_USER_PATHS = NO;
				ARCHS = "$(ARCHS_STANDARD_INCLUDING_64_BIT)";
				CLANG_CXX_LANGUAGE_STANDARD = "gnu++0x";
				CLANG_CXX_LIBRARY = "libc++";
				CLANG_ENABLE_MODULES = YES;
				CLANG_ENABLE_OBJC_ARC = YES;
				CLANG_WARN_BOOL_CONVERSION = YES;
				CLANG_WARN_CONSTANT_CONVERSION = YES;
				CLANG_WARN_DIRECT_OBJC_ISA_USAGE = YES_ERROR;
				CLANG_WARN_EMPTY_BODY = YES;
				CLANG_WARN_ENUM_CONVERSION = YES;
				CLANG_WARN_INT_CONVERSION = YES;
				CLANG_WARN_OBJC_ROOT_CLASS = YES_ERROR;
				CLANG_WARN__DUPLICATE_METHOD_MATCH = YES;
				"CODE_SIGN_IDENTITY[sdk=iphoneos*]" = "iPhone Developer";
				COPY_PHASE_STRIP = NO;
				GCC_C_LANGUAGE_STANDARD = gnu99;
				GCC_DYNAMIC_NO_PIC = NO;
				GCC_OPTIMIZATION_LEVEL = 0;
				GCC_PREPROCESSOR_DEFINITIONS = (
					"DEBUG=1",
					"$(inherited)",
				);
				GCC_SYMBOLS_PRIVATE_EXTERN = NO;
				GCC_WARN_64_TO_32_BIT_CONVERSION = YES;
				GCC_WARN_ABOUT_RETURN_TYPE = YES_ERROR;
				GCC_WARN_UNDECLARED_SELECTOR = YES;
				GCC_WARN_UNINITIALIZED_AUTOS = YES;
				GCC_WARN_UNUSED_FUNCTION = YES;
				GCC_WARN_UNUSED_VARIABLE = YES;
				IPHONEOS_DEPLOYMENT_TARGET = 7.0;
				ONLY_ACTIVE_ARCH = YES;
				SDKROOT = iphoneos;
				TARGETED_DEVICE_FAMILY = "1,2";
			};
			name = Debug;
		};
		1854EE95189D712D00C2F74A /* Release */ = {
			isa = XCBuildConfiguration;
			buildSettings = {
				ALWAYS_SEARCH_USER_PATHS = NO;
				ARCHS = "$(ARCHS_STANDARD_INCLUDING_64_BIT)";
				CLANG_CXX_LANGUAGE_STANDARD = "gnu++0x";
				CLANG_CXX_LIBRARY = "libc++";
				CLANG_ENABLE_MODULES = YES;
				CLANG_ENABLE_OBJC_ARC = YES;
				CLANG_WARN_BOOL_CONVERSION = YES;
				CLANG_WARN_CONSTANT_CONVERSION = YES;
				CLANG_WARN_DIRECT_OBJC_ISA_USAGE = YES_ERROR;
				CLANG_WARN_EMPTY_BODY = YES;
				CLANG_WARN_ENUM_CONVERSION = YES;
				CLANG_WARN_INT_CONVERSION = YES;
				CLANG_WARN_OBJC_ROOT_CLASS = YES_ERROR;
				CLANG_WARN__DUPLICATE_METHOD_MATCH = YES;
				"CODE_SIGN_IDENTITY[sdk=iphoneos*]" = "iPhone Developer";
				COPY_PHASE_STRIP = YES;
				ENABLE_NS_ASSERTIONS = NO;
				GCC_C_LANGUAGE_STANDARD = gnu99;
				GCC_WARN_64_TO_32_BIT_CONVERSION = YES;
				GCC_WARN_ABOUT_RETURN_TYPE = YES_ERROR;
				GCC_WARN_UNDECLARED_SELECTOR = YES;
				GCC_WARN_UNINITIALIZED_AUTOS = YES;
				GCC_WARN_UNUSED_FUNCTION = YES;
				GCC_WARN_UNUSED_VARIABLE = YES;
				IPHONEOS_DEPLOYMENT_TARGET = 7.0;
				SDKROOT = iphoneos;
				TARGETED_DEVICE_FAMILY = "1,2";
				VALIDATE_PRODUCT = YES;
			};
			name = Release;
		};
		1854EE97189D712D00C2F74A /* Debug */ = {
			isa = XCBuildConfiguration;
			buildSettings = {
				ARCHS = (
					armv7,
					armv7s,
				);
				ASSETCATALOG_COMPILER_APPICON_NAME = AppIcon;
				ASSETCATALOG_COMPILER_LAUNCHIMAGE_NAME = LaunchImage;
				FRAMEWORK_SEARCH_PATHS = (
					"$(inherited)",
					/Users/apple/development/Kibble,
					/Users/apple/development/STV/Static,
					Frameworks,
					"../STV/**",
					Frameworks,
				);
				GCC_PRECOMPILE_PREFIX_HEADER = YES;
				GCC_PREFIX_HEADER = "Kibble/Kibble-Prefix.pch";
				HEADER_SEARCH_PATHS = (
					"$(inherited)",
					/Applications/Xcode.app/Contents/Developer/Toolchains/XcodeDefault.xctoolchain/usr/include,
					"superDB/**",
				);
				INFOPLIST_FILE = "Kibble/Kibble-Info.plist";
				PRODUCT_NAME = "$(TARGET_NAME)";
				WRAPPER_EXTENSION = app;
			};
			name = Debug;
		};
		1854EE98189D712D00C2F74A /* Release */ = {
			isa = XCBuildConfiguration;
			buildSettings = {
				ARCHS = (
					armv7,
					armv7s,
				);
				ASSETCATALOG_COMPILER_APPICON_NAME = AppIcon;
				ASSETCATALOG_COMPILER_LAUNCHIMAGE_NAME = LaunchImage;
				FRAMEWORK_SEARCH_PATHS = (
					"$(inherited)",
					/Users/apple/development/Kibble,
					/Users/apple/development/STV/Static,
					Frameworks,
					"../STV/**",
					Frameworks,
				);
				GCC_PRECOMPILE_PREFIX_HEADER = YES;
				GCC_PREFIX_HEADER = "Kibble/Kibble-Prefix.pch";
				HEADER_SEARCH_PATHS = (
					"$(inherited)",
					/Applications/Xcode.app/Contents/Developer/Toolchains/XcodeDefault.xctoolchain/usr/include,
					"superDB/**",
				);
				INFOPLIST_FILE = "Kibble/Kibble-Info.plist";
				PRODUCT_NAME = "$(TARGET_NAME)";
				WRAPPER_EXTENSION = app;
			};
			name = Release;
		};
		1854EE9A189D712D00C2F74A /* Debug */ = {
			isa = XCBuildConfiguration;
			buildSettings = {
				ARCHS = "$(ARCHS_STANDARD_INCLUDING_64_BIT)";
				BUNDLE_LOADER = "$(BUILT_PRODUCTS_DIR)/Kibble.app/Kibble";
				FRAMEWORK_SEARCH_PATHS = (
					"$(SDKROOT)/Developer/Library/Frameworks",
					"$(inherited)",
					"$(DEVELOPER_FRAMEWORKS_DIR)",
				);
				GCC_PRECOMPILE_PREFIX_HEADER = YES;
				GCC_PREFIX_HEADER = "Kibble/Kibble-Prefix.pch";
				GCC_PREPROCESSOR_DEFINITIONS = (
					"DEBUG=1",
					"$(inherited)",
				);
				INFOPLIST_FILE = "KibbleTests/KibbleTests-Info.plist";
				PRODUCT_NAME = "$(TARGET_NAME)";
				TEST_HOST = "$(BUNDLE_LOADER)";
				WRAPPER_EXTENSION = xctest;
			};
			name = Debug;
		};
		1854EE9B189D712D00C2F74A /* Release */ = {
			isa = XCBuildConfiguration;
			buildSettings = {
				ARCHS = "$(ARCHS_STANDARD_INCLUDING_64_BIT)";
				BUNDLE_LOADER = "$(BUILT_PRODUCTS_DIR)/Kibble.app/Kibble";
				FRAMEWORK_SEARCH_PATHS = (
					"$(SDKROOT)/Developer/Library/Frameworks",
					"$(inherited)",
					"$(DEVELOPER_FRAMEWORKS_DIR)",
				);
				GCC_PRECOMPILE_PREFIX_HEADER = YES;
				GCC_PREFIX_HEADER = "Kibble/Kibble-Prefix.pch";
				INFOPLIST_FILE = "KibbleTests/KibbleTests-Info.plist";
				PRODUCT_NAME = "$(TARGET_NAME)";
				TEST_HOST = "$(BUNDLE_LOADER)";
				WRAPPER_EXTENSION = xctest;
			};
			name = Release;
		};
/* End XCBuildConfiguration section */

/* Begin XCConfigurationList section */
		1854EE5C189D712D00C2F74A /* Build configuration list for PBXProject "Kibble" */ = {
			isa = XCConfigurationList;
			buildConfigurations = (
				1854EE94189D712D00C2F74A /* Debug */,
				1854EE95189D712D00C2F74A /* Release */,
			);
			defaultConfigurationIsVisible = 0;
			defaultConfigurationName = Release;
		};
		1854EE96189D712D00C2F74A /* Build configuration list for PBXNativeTarget "Kibble" */ = {
			isa = XCConfigurationList;
			buildConfigurations = (
				1854EE97189D712D00C2F74A /* Debug */,
				1854EE98189D712D00C2F74A /* Release */,
			);
			defaultConfigurationIsVisible = 0;
			defaultConfigurationName = Release;
		};
		1854EE99189D712D00C2F74A /* Build configuration list for PBXNativeTarget "KibbleTests" */ = {
			isa = XCConfigurationList;
			buildConfigurations = (
				1854EE9A189D712D00C2F74A /* Debug */,
				1854EE9B189D712D00C2F74A /* Release */,
			);
			defaultConfigurationIsVisible = 0;
			defaultConfigurationName = Release;
		};
/* End XCConfigurationList section */
	};
	rootObject = 1854EE59189D712D00C2F74A /* Project object */;
}
